// !$*UTF8*$!
{
	archiveVersion = 1;
	classes = {
	};
	objectVersion = 55;
	objects = {

/* Begin PBXBuildFile section */
		C8F010999AEED4008820362C /* Pods_LoginViewCode.framework in Frameworks */ = {isa = PBXBuildFile; fileRef = 6F4B6720D2A7885B04FA4B8A /* Pods_LoginViewCode.framework */; };
		F80F957F277A1ABC00081E88 /* AppDelegate.swift in Sources */ = {isa = PBXBuildFile; fileRef = F80F957E277A1ABC00081E88 /* AppDelegate.swift */; };
		F80F9581277A1ABC00081E88 /* SceneDelegate.swift in Sources */ = {isa = PBXBuildFile; fileRef = F80F9580277A1ABC00081E88 /* SceneDelegate.swift */; };
		F80F9583277A1ABC00081E88 /* LoginVC.swift in Sources */ = {isa = PBXBuildFile; fileRef = F80F9582277A1ABC00081E88 /* LoginVC.swift */; };
		F80F9588277A1ABC00081E88 /* Assets.xcassets in Resources */ = {isa = PBXBuildFile; fileRef = F80F9587277A1ABC00081E88 /* Assets.xcassets */; };
		F80F958B277A1ABC00081E88 /* LaunchScreen.storyboard in Resources */ = {isa = PBXBuildFile; fileRef = F80F9589277A1ABC00081E88 /* LaunchScreen.storyboard */; };
		F80F9597277A355E00081E88 /* LoginScreen.swift in Sources */ = {isa = PBXBuildFile; fileRef = F80F9596277A355E00081E88 /* LoginScreen.swift */; };
		F856C620282011CA009E41C6 /* SportCollectionViewCell.swift in Sources */ = {isa = PBXBuildFile; fileRef = F856C61F282011CA009E41C6 /* SportCollectionViewCell.swift */; };
		F856C6222820120A009E41C6 /* SportCollectionViewCellScreen.swift in Sources */ = {isa = PBXBuildFile; fileRef = F856C6212820120A009E41C6 /* SportCollectionViewCellScreen.swift */; };
		F856C62528201BC3009E41C6 /* Sport.swift in Sources */ = {isa = PBXBuildFile; fileRef = F856C62428201BC3009E41C6 /* Sport.swift */; };
		F8600BC9279B36060016AC81 /* RegisterVC.swift in Sources */ = {isa = PBXBuildFile; fileRef = F8600BC8279B36060016AC81 /* RegisterVC.swift */; };
		F8600BCB279B37A00016AC81 /* RegisterScreen.swift in Sources */ = {isa = PBXBuildFile; fileRef = F8600BCA279B37A00016AC81 /* RegisterScreen.swift */; };
		F8B737B82819B2C100829928 /* HomeVC.swift in Sources */ = {isa = PBXBuildFile; fileRef = F8B737B72819B2C100829928 /* HomeVC.swift */; };
		F8B737BA2819B2EF00829928 /* HomeScreen.swift in Sources */ = {isa = PBXBuildFile; fileRef = F8B737B92819B2EF00829928 /* HomeScreen.swift */; };
		F8B737BF2819B89D00829928 /* UserDetailTableViewCell.swift in Sources */ = {isa = PBXBuildFile; fileRef = F8B737BE2819B89D00829928 /* UserDetailTableViewCell.swift */; };
		F8B737C22819E88900829928 /* DataUser.swift in Sources */ = {isa = PBXBuildFile; fileRef = F8B737C12819E88900829928 /* DataUser.swift */; };
		F8B737C52819EBE100829928 /* UserDetailView.swift in Sources */ = {isa = PBXBuildFile; fileRef = F8B737C42819EBE100829928 /* UserDetailView.swift */; };
		F8B737C92819F22300829928 /* SportTableViewCell.swift in Sources */ = {isa = PBXBuildFile; fileRef = F8B737C82819F22300829928 /* SportTableViewCell.swift */; };
		F8B737CB2819F2D100829928 /* SportTableViewCellScreen.swift in Sources */ = {isa = PBXBuildFile; fileRef = F8B737CA2819F2D100829928 /* SportTableViewCellScreen.swift */; };
		F8E88351281985B600105DB0 /* Alert.swift in Sources */ = {isa = PBXBuildFile; fileRef = F8E88350281985B600105DB0 /* Alert.swift */; };
		F8E883532819A36C00105DB0 /* GoogleService-Info.plist in Resources */ = {isa = PBXBuildFile; fileRef = F8E883522819A36B00105DB0 /* GoogleService-Info.plist */; };
/* End PBXBuildFile section */

/* Begin PBXFileReference section */
		6F4B6720D2A7885B04FA4B8A /* Pods_LoginViewCode.framework */ = {isa = PBXFileReference; explicitFileType = wrapper.framework; includeInIndex = 0; path = Pods_LoginViewCode.framework; sourceTree = BUILT_PRODUCTS_DIR; };
		E9967E65D7D6711B6901D792 /* Pods-LoginViewCode.release.xcconfig */ = {isa = PBXFileReference; includeInIndex = 1; lastKnownFileType = text.xcconfig; name = "Pods-LoginViewCode.release.xcconfig"; path = "Target Support Files/Pods-LoginViewCode/Pods-LoginViewCode.release.xcconfig"; sourceTree = "<group>"; };
		F0B7070A5F963207AF7C014A /* Pods-LoginViewCode.debug.xcconfig */ = {isa = PBXFileReference; includeInIndex = 1; lastKnownFileType = text.xcconfig; name = "Pods-LoginViewCode.debug.xcconfig"; path = "Target Support Files/Pods-LoginViewCode/Pods-LoginViewCode.debug.xcconfig"; sourceTree = "<group>"; };
		F80F957B277A1ABC00081E88 /* LoginViewCode.app */ = {isa = PBXFileReference; explicitFileType = wrapper.application; includeInIndex = 0; path = LoginViewCode.app; sourceTree = BUILT_PRODUCTS_DIR; };
		F80F957E277A1ABC00081E88 /* AppDelegate.swift */ = {isa = PBXFileReference; lastKnownFileType = sourcecode.swift; path = AppDelegate.swift; sourceTree = "<group>"; };
		F80F9580277A1ABC00081E88 /* SceneDelegate.swift */ = {isa = PBXFileReference; lastKnownFileType = sourcecode.swift; path = SceneDelegate.swift; sourceTree = "<group>"; };
		F80F9582277A1ABC00081E88 /* LoginVC.swift */ = {isa = PBXFileReference; lastKnownFileType = sourcecode.swift; path = LoginVC.swift; sourceTree = "<group>"; };
		F80F9587277A1ABC00081E88 /* Assets.xcassets */ = {isa = PBXFileReference; lastKnownFileType = folder.assetcatalog; path = Assets.xcassets; sourceTree = "<group>"; };
		F80F958A277A1ABC00081E88 /* Base */ = {isa = PBXFileReference; lastKnownFileType = file.storyboard; name = Base; path = Base.lproj/LaunchScreen.storyboard; sourceTree = "<group>"; };
		F80F958C277A1ABC00081E88 /* Info.plist */ = {isa = PBXFileReference; lastKnownFileType = text.plist.xml; path = Info.plist; sourceTree = "<group>"; };
		F80F9596277A355E00081E88 /* LoginScreen.swift */ = {isa = PBXFileReference; lastKnownFileType = sourcecode.swift; path = LoginScreen.swift; sourceTree = "<group>"; };
		F856C61F282011CA009E41C6 /* SportCollectionViewCell.swift */ = {isa = PBXFileReference; lastKnownFileType = sourcecode.swift; path = SportCollectionViewCell.swift; sourceTree = "<group>"; };
		F856C6212820120A009E41C6 /* SportCollectionViewCellScreen.swift */ = {isa = PBXFileReference; lastKnownFileType = sourcecode.swift; path = SportCollectionViewCellScreen.swift; sourceTree = "<group>"; };
		F856C62428201BC3009E41C6 /* Sport.swift */ = {isa = PBXFileReference; lastKnownFileType = sourcecode.swift; path = Sport.swift; sourceTree = "<group>"; };
		F8600BC8279B36060016AC81 /* RegisterVC.swift */ = {isa = PBXFileReference; lastKnownFileType = sourcecode.swift; path = RegisterVC.swift; sourceTree = "<group>"; };
		F8600BCA279B37A00016AC81 /* RegisterScreen.swift */ = {isa = PBXFileReference; lastKnownFileType = sourcecode.swift; path = RegisterScreen.swift; sourceTree = "<group>"; };
		F8B737B72819B2C100829928 /* HomeVC.swift */ = {isa = PBXFileReference; lastKnownFileType = sourcecode.swift; path = HomeVC.swift; sourceTree = "<group>"; };
		F8B737B92819B2EF00829928 /* HomeScreen.swift */ = {isa = PBXFileReference; lastKnownFileType = sourcecode.swift; path = HomeScreen.swift; sourceTree = "<group>"; };
		F8B737BE2819B89D00829928 /* UserDetailTableViewCell.swift */ = {isa = PBXFileReference; lastKnownFileType = sourcecode.swift; path = UserDetailTableViewCell.swift; sourceTree = "<group>"; };
		F8B737C12819E88900829928 /* DataUser.swift */ = {isa = PBXFileReference; lastKnownFileType = sourcecode.swift; path = DataUser.swift; sourceTree = "<group>"; };
		F8B737C42819EBE100829928 /* UserDetailView.swift */ = {isa = PBXFileReference; lastKnownFileType = sourcecode.swift; path = UserDetailView.swift; sourceTree = "<group>"; };
		F8B737C82819F22300829928 /* SportTableViewCell.swift */ = {isa = PBXFileReference; lastKnownFileType = sourcecode.swift; path = SportTableViewCell.swift; sourceTree = "<group>"; };
		F8B737CA2819F2D100829928 /* SportTableViewCellScreen.swift */ = {isa = PBXFileReference; lastKnownFileType = sourcecode.swift; path = SportTableViewCellScreen.swift; sourceTree = "<group>"; };
		F8E88350281985B600105DB0 /* Alert.swift */ = {isa = PBXFileReference; lastKnownFileType = sourcecode.swift; path = Alert.swift; sourceTree = "<group>"; };
		F8E883522819A36B00105DB0 /* GoogleService-Info.plist */ = {isa = PBXFileReference; fileEncoding = 4; lastKnownFileType = text.plist.xml; path = "GoogleService-Info.plist"; sourceTree = "<group>"; };
/* End PBXFileReference section */

/* Begin PBXFrameworksBuildPhase section */
		F80F9578277A1ABC00081E88 /* Frameworks */ = {
			isa = PBXFrameworksBuildPhase;
			buildActionMask = 2147483647;
			files = (
				C8F010999AEED4008820362C /* Pods_LoginViewCode.framework in Frameworks */,
			);
			runOnlyForDeploymentPostprocessing = 0;
		};
/* End PBXFrameworksBuildPhase section */

/* Begin PBXGroup section */
		BB430D4F22F076CE6A82BB3D /* Frameworks */ = {
			isa = PBXGroup;
			children = (
				6F4B6720D2A7885B04FA4B8A /* Pods_LoginViewCode.framework */,
			);
			name = Frameworks;
			sourceTree = "<group>";
		};
		F45C0FCA05A555F1063D27C0 /* Pods */ = {
			isa = PBXGroup;
			children = (
				F0B7070A5F963207AF7C014A /* Pods-LoginViewCode.debug.xcconfig */,
				E9967E65D7D6711B6901D792 /* Pods-LoginViewCode.release.xcconfig */,
			);
			path = Pods;
			sourceTree = "<group>";
		};
		F80F9572277A1ABC00081E88 = {
			isa = PBXGroup;
			children = (
				F80F957D277A1ABC00081E88 /* LoginViewCode */,
				F80F957C277A1ABC00081E88 /* Products */,
				F45C0FCA05A555F1063D27C0 /* Pods */,
				BB430D4F22F076CE6A82BB3D /* Frameworks */,
			);
			sourceTree = "<group>";
		};
		F80F957C277A1ABC00081E88 /* Products */ = {
			isa = PBXGroup;
			children = (
				F80F957B277A1ABC00081E88 /* LoginViewCode.app */,
			);
			name = Products;
			sourceTree = "<group>";
		};
		F80F957D277A1ABC00081E88 /* LoginViewCode */ = {
			isa = PBXGroup;
			children = (
				F8B737BC2819B81200829928 /* Application */,
				F8B737B42819B28D00829928 /* Home */,
				F8E8834F281985A200105DB0 /* Alert */,
				F8600BC5279B35AE0016AC81 /* Register */,
				F80F9592277A351D00081E88 /* Login */,
				F8B737BB2819B80B00829928 /* Resources */,
			);
			path = LoginViewCode;
			sourceTree = "<group>";
		};
		F80F9592277A351D00081E88 /* Login */ = {
			isa = PBXGroup;
			children = (
				F80F9595277A353C00081E88 /* Screen */,
				F80F9593277A352B00081E88 /* VC */,
			);
			path = Login;
			sourceTree = "<group>";
		};
		F80F9593277A352B00081E88 /* VC */ = {
			isa = PBXGroup;
			children = (
				F80F9582277A1ABC00081E88 /* LoginVC.swift */,
			);
			path = VC;
			sourceTree = "<group>";
		};
		F80F9595277A353C00081E88 /* Screen */ = {
			isa = PBXGroup;
			children = (
				F80F9596277A355E00081E88 /* LoginScreen.swift */,
			);
			path = Screen;
			sourceTree = "<group>";
		};
		F856C61E2820118F009E41C6 /* CollectionViewCell */ = {
			isa = PBXGroup;
			children = (
				F856C6232820120E009E41C6 /* CollectionCustomView */,
				F856C61F282011CA009E41C6 /* SportCollectionViewCell.swift */,
			);
			path = CollectionViewCell;
			sourceTree = "<group>";
		};
		F856C6232820120E009E41C6 /* CollectionCustomView */ = {
			isa = PBXGroup;
			children = (
				F856C6212820120A009E41C6 /* SportCollectionViewCellScreen.swift */,
			);
			path = CollectionCustomView;
			sourceTree = "<group>";
		};
		F8600BC5279B35AE0016AC81 /* Register */ = {
			isa = PBXGroup;
			children = (
				F8600BC7279B35BD0016AC81 /* VC */,
				F8600BC6279B35B70016AC81 /* Screen */,
			);
			path = Register;
			sourceTree = "<group>";
		};
		F8600BC6279B35B70016AC81 /* Screen */ = {
			isa = PBXGroup;
			children = (
				F8600BCA279B37A00016AC81 /* RegisterScreen.swift */,
			);
			path = Screen;
			sourceTree = "<group>";
		};
		F8600BC7279B35BD0016AC81 /* VC */ = {
			isa = PBXGroup;
			children = (
				F8600BC8279B36060016AC81 /* RegisterVC.swift */,
			);
			path = VC;
			sourceTree = "<group>";
		};
		F8B737B42819B28D00829928 /* Home */ = {
			isa = PBXGroup;
			children = (
				F8B737C02819E87A00829928 /* Model */,
				F8B737BD2819B88700829928 /* Cell */,
				F8B737B62819B29900829928 /* Screen */,
				F8B737B52819B29400829928 /* VC */,
			);
			path = Home;
			sourceTree = "<group>";
		};
		F8B737B52819B29400829928 /* VC */ = {
			isa = PBXGroup;
			children = (
				F8B737B72819B2C100829928 /* HomeVC.swift */,
			);
			path = VC;
			sourceTree = "<group>";
		};
		F8B737B62819B29900829928 /* Screen */ = {
			isa = PBXGroup;
			children = (
				F8B737B92819B2EF00829928 /* HomeScreen.swift */,
			);
			path = Screen;
			sourceTree = "<group>";
		};
		F8B737BB2819B80B00829928 /* Resources */ = {
			isa = PBXGroup;
			children = (
				F80F9587277A1ABC00081E88 /* Assets.xcassets */,
			);
			path = Resources;
			sourceTree = "<group>";
		};
		F8B737BC2819B81200829928 /* Application */ = {
			isa = PBXGroup;
			children = (
				F80F957E277A1ABC00081E88 /* AppDelegate.swift */,
				F80F9580277A1ABC00081E88 /* SceneDelegate.swift */,
				F8E883522819A36B00105DB0 /* GoogleService-Info.plist */,
				F80F958C277A1ABC00081E88 /* Info.plist */,
				F80F9589277A1ABC00081E88 /* LaunchScreen.storyboard */,
			);
			path = Application;
			sourceTree = "<group>";
		};
		F8B737BD2819B88700829928 /* Cell */ = {
			isa = PBXGroup;
			children = (
				F8B737C72819F15400829928 /* SportTableViewCell */,
				F8B737C62819F0E900829928 /* UserDetailTableViewCell */,
			);
			path = Cell;
			sourceTree = "<group>";
		};
		F8B737C02819E87A00829928 /* Model */ = {
			isa = PBXGroup;
			children = (
				F8B737C12819E88900829928 /* DataUser.swift */,
				F856C62428201BC3009E41C6 /* Sport.swift */,
			);
			path = Model;
			sourceTree = "<group>";
		};
		F8B737C32819EBC900829928 /* CustomView */ = {
			isa = PBXGroup;
			children = (
				F8B737C42819EBE100829928 /* UserDetailView.swift */,
			);
			path = CustomView;
			sourceTree = "<group>";
		};
		F8B737C62819F0E900829928 /* UserDetailTableViewCell */ = {
			isa = PBXGroup;
			children = (
				F8B737C32819EBC900829928 /* CustomView */,
				F8B737BE2819B89D00829928 /* UserDetailTableViewCell.swift */,
			);
			path = UserDetailTableViewCell;
			sourceTree = "<group>";
		};
		F8B737C72819F15400829928 /* SportTableViewCell */ = {
			isa = PBXGroup;
			children = (
				F856C61E2820118F009E41C6 /* CollectionViewCell */,
				F8B737CC2819F2D600829928 /* CustomView */,
				F8B737C82819F22300829928 /* SportTableViewCell.swift */,
			);
			path = SportTableViewCell;
			sourceTree = "<group>";
		};
		F8B737CC2819F2D600829928 /* CustomView */ = {
			isa = PBXGroup;
			children = (
				F8B737CA2819F2D100829928 /* SportTableViewCellScreen.swift */,
			);
			path = CustomView;
			sourceTree = "<group>";
		};
		F8E8834F281985A200105DB0 /* Alert */ = {
			isa = PBXGroup;
			children = (
				F8E88350281985B600105DB0 /* Alert.swift */,
			);
			path = Alert;
			sourceTree = "<group>";
		};
/* End PBXGroup section */

/* Begin PBXNativeTarget section */
		F80F957A277A1ABC00081E88 /* LoginViewCode */ = {
			isa = PBXNativeTarget;
			buildConfigurationList = F80F958F277A1ABC00081E88 /* Build configuration list for PBXNativeTarget "LoginViewCode" */;
			buildPhases = (
				9A4D4F56A1FA27AC83E6E671 /* [CP] Check Pods Manifest.lock */,
				F80F9577277A1ABC00081E88 /* Sources */,
				F80F9578277A1ABC00081E88 /* Frameworks */,
				F80F9579277A1ABC00081E88 /* Resources */,
				A53CFBBDA0A72EA2520B8CD4 /* [CP] Embed Pods Frameworks */,
			);
			buildRules = (
			);
			dependencies = (
			);
			name = LoginViewCode;
			productName = LoginViewCode;
			productReference = F80F957B277A1ABC00081E88 /* LoginViewCode.app */;
			productType = "com.apple.product-type.application";
		};
/* End PBXNativeTarget section */

/* Begin PBXProject section */
		F80F9573277A1ABC00081E88 /* Project object */ = {
			isa = PBXProject;
			attributes = {
				BuildIndependentTargetsInParallel = 1;
				LastSwiftUpdateCheck = 1320;
				LastUpgradeCheck = 1320;
				TargetAttributes = {
					F80F957A277A1ABC00081E88 = {
						CreatedOnToolsVersion = 13.2.1;
					};
				};
			};
			buildConfigurationList = F80F9576277A1ABC00081E88 /* Build configuration list for PBXProject "LoginViewCode" */;
			compatibilityVersion = "Xcode 13.0";
			developmentRegion = en;
			hasScannedForEncodings = 0;
			knownRegions = (
				en,
				Base,
			);
			mainGroup = F80F9572277A1ABC00081E88;
			productRefGroup = F80F957C277A1ABC00081E88 /* Products */;
			projectDirPath = "";
			projectRoot = "";
			targets = (
				F80F957A277A1ABC00081E88 /* LoginViewCode */,
			);
		};
/* End PBXProject section */

/* Begin PBXResourcesBuildPhase section */
		F80F9579277A1ABC00081E88 /* Resources */ = {
			isa = PBXResourcesBuildPhase;
			buildActionMask = 2147483647;
			files = (
				F80F958B277A1ABC00081E88 /* LaunchScreen.storyboard in Resources */,
				F80F9588277A1ABC00081E88 /* Assets.xcassets in Resources */,
				F8E883532819A36C00105DB0 /* GoogleService-Info.plist in Resources */,
			);
			runOnlyForDeploymentPostprocessing = 0;
		};
/* End PBXResourcesBuildPhase section */

/* Begin PBXShellScriptBuildPhase section */
		9A4D4F56A1FA27AC83E6E671 /* [CP] Check Pods Manifest.lock */ = {
			isa = PBXShellScriptBuildPhase;
			buildActionMask = 2147483647;
			files = (
			);
			inputFileListPaths = (
			);
			inputPaths = (
				"${PODS_PODFILE_DIR_PATH}/Podfile.lock",
				"${PODS_ROOT}/Manifest.lock",
			);
			name = "[CP] Check Pods Manifest.lock";
			outputFileListPaths = (
			);
			outputPaths = (
				"$(DERIVED_FILE_DIR)/Pods-LoginViewCode-checkManifestLockResult.txt",
			);
			runOnlyForDeploymentPostprocessing = 0;
			shellPath = /bin/sh;
			shellScript = "diff \"${PODS_PODFILE_DIR_PATH}/Podfile.lock\" \"${PODS_ROOT}/Manifest.lock\" > /dev/null\nif [ $? != 0 ] ; then\n    # print error to STDERR\n    echo \"error: The sandbox is not in sync with the Podfile.lock. Run 'pod install' or update your CocoaPods installation.\" >&2\n    exit 1\nfi\n# This output is used by Xcode 'outputs' to avoid re-running this script phase.\necho \"SUCCESS\" > \"${SCRIPT_OUTPUT_FILE_0}\"\n";
			showEnvVarsInLog = 0;
		};
		A53CFBBDA0A72EA2520B8CD4 /* [CP] Embed Pods Frameworks */ = {
			isa = PBXShellScriptBuildPhase;
			buildActionMask = 2147483647;
			files = (
			);
			inputFileListPaths = (
				"${PODS_ROOT}/Target Support Files/Pods-LoginViewCode/Pods-LoginViewCode-frameworks-${CONFIGURATION}-input-files.xcfilelist",
			);
			name = "[CP] Embed Pods Frameworks";
			outputFileListPaths = (
				"${PODS_ROOT}/Target Support Files/Pods-LoginViewCode/Pods-LoginViewCode-frameworks-${CONFIGURATION}-output-files.xcfilelist",
			);
			runOnlyForDeploymentPostprocessing = 0;
			shellPath = /bin/sh;
			shellScript = "\"${PODS_ROOT}/Target Support Files/Pods-LoginViewCode/Pods-LoginViewCode-frameworks.sh\"\n";
			showEnvVarsInLog = 0;
		};
/* End PBXShellScriptBuildPhase section */

/* Begin PBXSourcesBuildPhase section */
		F80F9577277A1ABC00081E88 /* Sources */ = {
			isa = PBXSourcesBuildPhase;
			buildActionMask = 2147483647;
			files = (
				F8600BCB279B37A00016AC81 /* RegisterScreen.swift in Sources */,
				F8B737B82819B2C100829928 /* HomeVC.swift in Sources */,
				F80F9583277A1ABC00081E88 /* LoginVC.swift in Sources */,
				F856C620282011CA009E41C6 /* SportCollectionViewCell.swift in Sources */,
				F80F9597277A355E00081E88 /* LoginScreen.swift in Sources */,
				F856C62528201BC3009E41C6 /* Sport.swift in Sources */,
				F856C6222820120A009E41C6 /* SportCollectionViewCellScreen.swift in Sources */,
				F8B737C52819EBE100829928 /* UserDetailView.swift in Sources */,
				F8B737C22819E88900829928 /* DataUser.swift in Sources */,
				F8B737CB2819F2D100829928 /* SportTableViewCellScreen.swift in Sources */,
				F8B737C92819F22300829928 /* SportTableViewCell.swift in Sources */,
				F80F957F277A1ABC00081E88 /* AppDelegate.swift in Sources */,
				F8B737BF2819B89D00829928 /* UserDetailTableViewCell.swift in Sources */,
				F8B737BA2819B2EF00829928 /* HomeScreen.swift in Sources */,
				F80F9581277A1ABC00081E88 /* SceneDelegate.swift in Sources */,
				F8600BC9279B36060016AC81 /* RegisterVC.swift in Sources */,
				F8E88351281985B600105DB0 /* Alert.swift in Sources */,
			);
			runOnlyForDeploymentPostprocessing = 0;
		};
/* End PBXSourcesBuildPhase section */

/* Begin PBXVariantGroup section */
		F80F9589277A1ABC00081E88 /* LaunchScreen.storyboard */ = {
			isa = PBXVariantGroup;
			children = (
				F80F958A277A1ABC00081E88 /* Base */,
			);
			name = LaunchScreen.storyboard;
			sourceTree = "<group>";
		};
/* End PBXVariantGroup section */

/* Begin XCBuildConfiguration section */
		F80F958D277A1ABC00081E88 /* Debug */ = {
			isa = XCBuildConfiguration;
			buildSettings = {
				ALWAYS_SEARCH_USER_PATHS = NO;
				CLANG_ANALYZER_NONNULL = YES;
				CLANG_ANALYZER_NUMBER_OBJECT_CONVERSION = YES_AGGRESSIVE;
				CLANG_CXX_LANGUAGE_STANDARD = "gnu++17";
				CLANG_CXX_LIBRARY = "libc++";
				CLANG_ENABLE_MODULES = YES;
				CLANG_ENABLE_OBJC_ARC = YES;
				CLANG_ENABLE_OBJC_WEAK = YES;
				CLANG_WARN_BLOCK_CAPTURE_AUTORELEASING = YES;
				CLANG_WARN_BOOL_CONVERSION = YES;
				CLANG_WARN_COMMA = YES;
				CLANG_WARN_CONSTANT_CONVERSION = YES;
				CLANG_WARN_DEPRECATED_OBJC_IMPLEMENTATIONS = YES;
				CLANG_WARN_DIRECT_OBJC_ISA_USAGE = YES_ERROR;
				CLANG_WARN_DOCUMENTATION_COMMENTS = YES;
				CLANG_WARN_EMPTY_BODY = YES;
				CLANG_WARN_ENUM_CONVERSION = YES;
				CLANG_WARN_INFINITE_RECURSION = YES;
				CLANG_WARN_INT_CONVERSION = YES;
				CLANG_WARN_NON_LITERAL_NULL_CONVERSION = YES;
				CLANG_WARN_OBJC_IMPLICIT_RETAIN_SELF = YES;
				CLANG_WARN_OBJC_LITERAL_CONVERSION = YES;
				CLANG_WARN_OBJC_ROOT_CLASS = YES_ERROR;
				CLANG_WARN_QUOTED_INCLUDE_IN_FRAMEWORK_HEADER = YES;
				CLANG_WARN_RANGE_LOOP_ANALYSIS = YES;
				CLANG_WARN_STRICT_PROTOTYPES = YES;
				CLANG_WARN_SUSPICIOUS_MOVE = YES;
				CLANG_WARN_UNGUARDED_AVAILABILITY = YES_AGGRESSIVE;
				CLANG_WARN_UNREACHABLE_CODE = YES;
				CLANG_WARN__DUPLICATE_METHOD_MATCH = YES;
				COPY_PHASE_STRIP = NO;
				DEBUG_INFORMATION_FORMAT = dwarf;
				ENABLE_STRICT_OBJC_MSGSEND = YES;
				ENABLE_TESTABILITY = YES;
				GCC_C_LANGUAGE_STANDARD = gnu11;
				GCC_DYNAMIC_NO_PIC = NO;
				GCC_NO_COMMON_BLOCKS = YES;
				GCC_OPTIMIZATION_LEVEL = 0;
				GCC_PREPROCESSOR_DEFINITIONS = (
					"DEBUG=1",
					"$(inherited)",
				);
				GCC_WARN_64_TO_32_BIT_CONVERSION = YES;
				GCC_WARN_ABOUT_RETURN_TYPE = YES_ERROR;
				GCC_WARN_UNDECLARED_SELECTOR = YES;
				GCC_WARN_UNINITIALIZED_AUTOS = YES_AGGRESSIVE;
				GCC_WARN_UNUSED_FUNCTION = YES;
				GCC_WARN_UNUSED_VARIABLE = YES;
				INFOPLIST_FILE = Application/info.plist;
				IPHONEOS_DEPLOYMENT_TARGET = 15.2;
				MTL_ENABLE_DEBUG_INFO = INCLUDE_SOURCE;
				MTL_FAST_MATH = YES;
				ONLY_ACTIVE_ARCH = YES;
				SDKROOT = iphoneos;
				SWIFT_ACTIVE_COMPILATION_CONDITIONS = DEBUG;
				SWIFT_OPTIMIZATION_LEVEL = "-Onone";
			};
			name = Debug;
		};
		F80F958E277A1ABC00081E88 /* Release */ = {
			isa = XCBuildConfiguration;
			buildSettings = {
				ALWAYS_SEARCH_USER_PATHS = NO;
				CLANG_ANALYZER_NONNULL = YES;
				CLANG_ANALYZER_NUMBER_OBJECT_CONVERSION = YES_AGGRESSIVE;
				CLANG_CXX_LANGUAGE_STANDARD = "gnu++17";
				CLANG_CXX_LIBRARY = "libc++";
				CLANG_ENABLE_MODULES = YES;
				CLANG_ENABLE_OBJC_ARC = YES;
				CLANG_ENABLE_OBJC_WEAK = YES;
				CLANG_WARN_BLOCK_CAPTURE_AUTORELEASING = YES;
				CLANG_WARN_BOOL_CONVERSION = YES;
				CLANG_WARN_COMMA = YES;
				CLANG_WARN_CONSTANT_CONVERSION = YES;
				CLANG_WARN_DEPRECATED_OBJC_IMPLEMENTATIONS = YES;
				CLANG_WARN_DIRECT_OBJC_ISA_USAGE = YES_ERROR;
				CLANG_WARN_DOCUMENTATION_COMMENTS = YES;
				CLANG_WARN_EMPTY_BODY = YES;
				CLANG_WARN_ENUM_CONVERSION = YES;
				CLANG_WARN_INFINITE_RECURSION = YES;
				CLANG_WARN_INT_CONVERSION = YES;
				CLANG_WARN_NON_LITERAL_NULL_CONVERSION = YES;
				CLANG_WARN_OBJC_IMPLICIT_RETAIN_SELF = YES;
				CLANG_WARN_OBJC_LITERAL_CONVERSION = YES;
				CLANG_WARN_OBJC_ROOT_CLASS = YES_ERROR;
				CLANG_WARN_QUOTED_INCLUDE_IN_FRAMEWORK_HEADER = YES;
				CLANG_WARN_RANGE_LOOP_ANALYSIS = YES;
				CLANG_WARN_STRICT_PROTOTYPES = YES;
				CLANG_WARN_SUSPICIOUS_MOVE = YES;
				CLANG_WARN_UNGUARDED_AVAILABILITY = YES_AGGRESSIVE;
				CLANG_WARN_UNREACHABLE_CODE = YES;
				CLANG_WARN__DUPLICATE_METHOD_MATCH = YES;
				COPY_PHASE_STRIP = NO;
				DEBUG_INFORMATION_FORMAT = "dwarf-with-dsym";
				ENABLE_NS_ASSERTIONS = NO;
				ENABLE_STRICT_OBJC_MSGSEND = YES;
				GCC_C_LANGUAGE_STANDARD = gnu11;
				GCC_NO_COMMON_BLOCKS = YES;
				GCC_WARN_64_TO_32_BIT_CONVERSION = YES;
				GCC_WARN_ABOUT_RETURN_TYPE = YES_ERROR;
				GCC_WARN_UNDECLARED_SELECTOR = YES;
				GCC_WARN_UNINITIALIZED_AUTOS = YES_AGGRESSIVE;
				GCC_WARN_UNUSED_FUNCTION = YES;
				GCC_WARN_UNUSED_VARIABLE = YES;
				INFOPLIST_FILE = Application/info.plist;
				IPHONEOS_DEPLOYMENT_TARGET = 15.2;
				MTL_ENABLE_DEBUG_INFO = NO;
				MTL_FAST_MATH = YES;
				SDKROOT = iphoneos;
				SWIFT_COMPILATION_MODE = wholemodule;
				SWIFT_OPTIMIZATION_LEVEL = "-O";
				VALIDATE_PRODUCT = YES;
			};
			name = Release;
		};
		F80F9590277A1ABC00081E88 /* Debug */ = {
			isa = XCBuildConfiguration;
			baseConfigurationReference = F0B7070A5F963207AF7C014A /* Pods-LoginViewCode.debug.xcconfig */;
			buildSettings = {
				ASSETCATALOG_COMPILER_APPICON_NAME = AppIcon;
				ASSETCATALOG_COMPILER_GLOBAL_ACCENT_COLOR_NAME = AccentColor;
				CODE_SIGN_STYLE = Automatic;
				CURRENT_PROJECT_VERSION = 1;
				DEVELOPMENT_TEAM = 473AAT6556;
				GENERATE_INFOPLIST_FILE = YES;
				INFOPLIST_FILE = LoginViewCode/Application/Info.plist;
				INFOPLIST_KEY_UIApplicationSupportsIndirectInputEvents = YES;
				INFOPLIST_KEY_UILaunchStoryboardName = LaunchScreen;
				INFOPLIST_KEY_UISupportedInterfaceOrientations = UIInterfaceOrientationPortrait;
				INFOPLIST_KEY_UISupportedInterfaceOrientations_iPad = "UIInterfaceOrientationPortrait UIInterfaceOrientationPortraitUpsideDown UIInterfaceOrientationLandscapeLeft UIInterfaceOrientationLandscapeRight";
				INFOPLIST_KEY_UISupportedInterfaceOrientations_iPhone = "UIInterfaceOrientationPortrait UIInterfaceOrientationLandscapeLeft UIInterfaceOrientationLandscapeRight";
				IPHONEOS_DEPLOYMENT_TARGET = 13.0;
				LD_RUNPATH_SEARCH_PATHS = (
					"$(inherited)",
					"@executable_path/Frameworks",
				);
				MARKETING_VERSION = 1.0;
				PRODUCT_BUNDLE_IDENTIFIER = dev.matheuslenke.LoginViewCode;
				PRODUCT_NAME = "$(TARGET_NAME)";
				SWIFT_EMIT_LOC_STRINGS = YES;
				SWIFT_VERSION = 5.0;
				TARGETED_DEVICE_FAMILY = 1;
			};
			name = Debug;
		};
		F80F9591277A1ABC00081E88 /* Release */ = {
			isa = XCBuildConfiguration;
			baseConfigurationReference = E9967E65D7D6711B6901D792 /* Pods-LoginViewCode.release.xcconfig */;
			buildSettings = {
				ASSETCATALOG_COMPILER_APPICON_NAME = AppIcon;
				ASSETCATALOG_COMPILER_GLOBAL_ACCENT_COLOR_NAME = AccentColor;
				CODE_SIGN_STYLE = Automatic;
				CURRENT_PROJECT_VERSION = 1;
				DEVELOPMENT_TEAM = 473AAT6556;
				GENERATE_INFOPLIST_FILE = YES;
				INFOPLIST_FILE = LoginViewCode/Application/Info.plist;
				INFOPLIST_KEY_UIApplicationSupportsIndirectInputEvents = YES;
				INFOPLIST_KEY_UILaunchStoryboardName = LaunchScreen;
				INFOPLIST_KEY_UISupportedInterfaceOrientations = UIInterfaceOrientationPortrait;
				INFOPLIST_KEY_UISupportedInterfaceOrientations_iPad = "UIInterfaceOrientationPortrait UIInterfaceOrientationPortraitUpsideDown UIInterfaceOrientationLandscapeLeft UIInterfaceOrientationLandscapeRight";
				INFOPLIST_KEY_UISupportedInterfaceOrientations_iPhone = "UIInterfaceOrientationPortrait UIInterfaceOrientationLandscapeLeft UIInterfaceOrientationLandscapeRight";
				IPHONEOS_DEPLOYMENT_TARGET = 13.0;
				LD_RUNPATH_SEARCH_PATHS = (
					"$(inherited)",
					"@executable_path/Frameworks",
				);
				MARKETING_VERSION = 1.0;
				PRODUCT_BUNDLE_IDENTIFIER = dev.matheuslenke.LoginViewCode;
				PRODUCT_NAME = "$(TARGET_NAME)";
				SWIFT_EMIT_LOC_STRINGS = YES;
				SWIFT_VERSION = 5.0;
				TARGETED_DEVICE_FAMILY = 1;
			};
			name = Release;
		};
/* End XCBuildConfiguration section */

/* Begin XCConfigurationList section */
		F80F9576277A1ABC00081E88 /* Build configuration list for PBXProject "LoginViewCode" */ = {
			isa = XCConfigurationList;
			buildConfigurations = (
				F80F958D277A1ABC00081E88 /* Debug */,
				F80F958E277A1ABC00081E88 /* Release */,
			);
			defaultConfigurationIsVisible = 0;
			defaultConfigurationName = Release;
		};
		F80F958F277A1ABC00081E88 /* Build configuration list for PBXNativeTarget "LoginViewCode" */ = {
			isa = XCConfigurationList;
			buildConfigurations = (
				F80F9590277A1ABC00081E88 /* Debug */,
				F80F9591277A1ABC00081E88 /* Release */,
			);
			defaultConfigurationIsVisible = 0;
			defaultConfigurationName = Release;
		};
/* End XCConfigurationList section */
	};
	rootObject = F80F9573277A1ABC00081E88 /* Project object */;
}
