// !$*UTF8*$!
{
	archiveVersion = 1;
	classes = {
	};
	objectVersion = 55;
	objects = {

/* Begin PBXBuildFile section */
		F8612D85286A1F9E0022AD64 /* AppDelegate.swift in Sources */ = {isa = PBXBuildFile; fileRef = F8612D84286A1F9E0022AD64 /* AppDelegate.swift */; };
		F8612D87286A1F9E0022AD64 /* SceneDelegate.swift in Sources */ = {isa = PBXBuildFile; fileRef = F8612D86286A1F9E0022AD64 /* SceneDelegate.swift */; };
		F8612D89286A1F9E0022AD64 /* MainViewController.swift in Sources */ = {isa = PBXBuildFile; fileRef = F8612D88286A1F9E0022AD64 /* MainViewController.swift */; };
		F8612D8C286A1F9E0022AD64 /* Main.storyboard in Resources */ = {isa = PBXBuildFile; fileRef = F8612D8A286A1F9E0022AD64 /* Main.storyboard */; };
		F8612D8E286A1FA00022AD64 /* Assets.xcassets in Resources */ = {isa = PBXBuildFile; fileRef = F8612D8D286A1FA00022AD64 /* Assets.xcassets */; };
		F8612D91286A1FA00022AD64 /* LaunchScreen.storyboard in Resources */ = {isa = PBXBuildFile; fileRef = F8612D8F286A1FA00022AD64 /* LaunchScreen.storyboard */; };
		F8612D9A286A1FFD0022AD64 /* RxCocoa in Frameworks */ = {isa = PBXBuildFile; productRef = F8612D99286A1FFD0022AD64 /* RxCocoa */; };
		F8612D9C286A1FFD0022AD64 /* RxSwift in Frameworks */ = {isa = PBXBuildFile; productRef = F8612D9B286A1FFD0022AD64 /* RxSwift */; };
		F8612D9E286A30FE0022AD64 /* UserDetailViewController.swift in Sources */ = {isa = PBXBuildFile; fileRef = F8612D9D286A30FE0022AD64 /* UserDetailViewController.swift */; };
		F8612DA2286A340A0022AD64 /* UserCell.swift in Sources */ = {isa = PBXBuildFile; fileRef = F8612DA1286A340A0022AD64 /* UserCell.swift */; };
		F8612DA4286A34280022AD64 /* DataModel.swift in Sources */ = {isa = PBXBuildFile; fileRef = F8612DA3286A34280022AD64 /* DataModel.swift */; };
		F8612DA7286A35370022AD64 /* APIRequest.swift in Sources */ = {isa = PBXBuildFile; fileRef = F8612DA6286A35370022AD64 /* APIRequest.swift */; };
		F8612DAA286A3C270022AD64 /* UserViewModel.swift in Sources */ = {isa = PBXBuildFile; fileRef = F8612DA9286A3C270022AD64 /* UserViewModel.swift */; };
/* End PBXBuildFile section */

/* Begin PBXFileReference section */
		F8612D81286A1F9E0022AD64 /* UsersRxSwift.app */ = {isa = PBXFileReference; explicitFileType = wrapper.application; includeInIndex = 0; path = UsersRxSwift.app; sourceTree = BUILT_PRODUCTS_DIR; };
		F8612D84286A1F9E0022AD64 /* AppDelegate.swift */ = {isa = PBXFileReference; lastKnownFileType = sourcecode.swift; path = AppDelegate.swift; sourceTree = "<group>"; };
		F8612D86286A1F9E0022AD64 /* SceneDelegate.swift */ = {isa = PBXFileReference; lastKnownFileType = sourcecode.swift; path = SceneDelegate.swift; sourceTree = "<group>"; };
		F8612D88286A1F9E0022AD64 /* MainViewController.swift */ = {isa = PBXFileReference; lastKnownFileType = sourcecode.swift; path = MainViewController.swift; sourceTree = "<group>"; };
		F8612D8B286A1F9E0022AD64 /* Base */ = {isa = PBXFileReference; lastKnownFileType = file.storyboard; name = Base; path = Base.lproj/Main.storyboard; sourceTree = "<group>"; };
		F8612D8D286A1FA00022AD64 /* Assets.xcassets */ = {isa = PBXFileReference; lastKnownFileType = folder.assetcatalog; path = Assets.xcassets; sourceTree = "<group>"; };
		F8612D90286A1FA00022AD64 /* Base */ = {isa = PBXFileReference; lastKnownFileType = file.storyboard; name = Base; path = Base.lproj/LaunchScreen.storyboard; sourceTree = "<group>"; };
		F8612D92286A1FA00022AD64 /* Info.plist */ = {isa = PBXFileReference; lastKnownFileType = text.plist.xml; path = Info.plist; sourceTree = "<group>"; };
		F8612D9D286A30FE0022AD64 /* UserDetailViewController.swift */ = {isa = PBXFileReference; lastKnownFileType = sourcecode.swift; path = UserDetailViewController.swift; sourceTree = "<group>"; };
		F8612DA1286A340A0022AD64 /* UserCell.swift */ = {isa = PBXFileReference; lastKnownFileType = sourcecode.swift; path = UserCell.swift; sourceTree = "<group>"; };
		F8612DA3286A34280022AD64 /* DataModel.swift */ = {isa = PBXFileReference; lastKnownFileType = sourcecode.swift; path = DataModel.swift; sourceTree = "<group>"; };
		F8612DA6286A35370022AD64 /* APIRequest.swift */ = {isa = PBXFileReference; lastKnownFileType = sourcecode.swift; path = APIRequest.swift; sourceTree = "<group>"; };
		F8612DA9286A3C270022AD64 /* UserViewModel.swift */ = {isa = PBXFileReference; lastKnownFileType = sourcecode.swift; path = UserViewModel.swift; sourceTree = "<group>"; };
/* End PBXFileReference section */

/* Begin PBXFrameworksBuildPhase section */
		F8612D7E286A1F9E0022AD64 /* Frameworks */ = {
			isa = PBXFrameworksBuildPhase;
			buildActionMask = 2147483647;
			files = (
				F8612D9C286A1FFD0022AD64 /* RxSwift in Frameworks */,
				F8612D9A286A1FFD0022AD64 /* RxCocoa in Frameworks */,
			);
			runOnlyForDeploymentPostprocessing = 0;
		};
/* End PBXFrameworksBuildPhase section */

/* Begin PBXGroup section */
		F8612D78286A1F9E0022AD64 = {
			isa = PBXGroup;
			children = (
				F8612D83286A1F9E0022AD64 /* UsersRxSwift */,
				F8612D82286A1F9E0022AD64 /* Products */,
			);
			sourceTree = "<group>";
		};
		F8612D82286A1F9E0022AD64 /* Products */ = {
			isa = PBXGroup;
			children = (
				F8612D81286A1F9E0022AD64 /* UsersRxSwift.app */,
			);
			name = Products;
			sourceTree = "<group>";
		};
		F8612D83286A1F9E0022AD64 /* UsersRxSwift */ = {
			isa = PBXGroup;
			children = (
				F8612DA8286A3C0C0022AD64 /* ViewModels */,
				F8612DA5286A35300022AD64 /* Services */,
				F8612DA0286A33EF0022AD64 /* Models */,
				F8612D9F286A31020022AD64 /* Views */,
				F8612D84286A1F9E0022AD64 /* AppDelegate.swift */,
				F8612D86286A1F9E0022AD64 /* SceneDelegate.swift */,
				F8612D8A286A1F9E0022AD64 /* Main.storyboard */,
				F8612D8D286A1FA00022AD64 /* Assets.xcassets */,
				F8612D8F286A1FA00022AD64 /* LaunchScreen.storyboard */,
				F8612D92286A1FA00022AD64 /* Info.plist */,
			);
			path = UsersRxSwift;
			sourceTree = "<group>";
		};
		F8612D9F286A31020022AD64 /* Views */ = {
			isa = PBXGroup;
			children = (
				F8612D88286A1F9E0022AD64 /* MainViewController.swift */,
				F8612D9D286A30FE0022AD64 /* UserDetailViewController.swift */,
				F8612DA1286A340A0022AD64 /* UserCell.swift */,
			);
			path = Views;
			sourceTree = "<group>";
		};
		F8612DA0286A33EF0022AD64 /* Models */ = {
			isa = PBXGroup;
			children = (
				F8612DA3286A34280022AD64 /* DataModel.swift */,
			);
			path = Models;
			sourceTree = "<group>";
		};
		F8612DA5286A35300022AD64 /* Services */ = {
			isa = PBXGroup;
			children = (
				F8612DA6286A35370022AD64 /* APIRequest.swift */,
			);
			path = Services;
			sourceTree = "<group>";
		};
		F8612DA8286A3C0C0022AD64 /* ViewModels */ = {
			isa = PBXGroup;
			children = (
				F8612DA9286A3C270022AD64 /* UserViewModel.swift */,
			);
			path = ViewModels;
			sourceTree = "<group>";
		};
/* End PBXGroup section */

/* Begin PBXNativeTarget section */
		F8612D80286A1F9E0022AD64 /* UsersRxSwift */ = {
			isa = PBXNativeTarget;
			buildConfigurationList = F8612D95286A1FA00022AD64 /* Build configuration list for PBXNativeTarget "UsersRxSwift" */;
			buildPhases = (
				F8612D7D286A1F9E0022AD64 /* Sources */,
				F8612D7E286A1F9E0022AD64 /* Frameworks */,
				F8612D7F286A1F9E0022AD64 /* Resources */,
			);
			buildRules = (
			);
			dependencies = (
			);
			name = UsersRxSwift;
			packageProductDependencies = (
				F8612D99286A1FFD0022AD64 /* RxCocoa */,
				F8612D9B286A1FFD0022AD64 /* RxSwift */,
			);
			productName = UsersRxSwift;
			productReference = F8612D81286A1F9E0022AD64 /* UsersRxSwift.app */;
			productType = "com.apple.product-type.application";
		};
/* End PBXNativeTarget section */

/* Begin PBXProject section */
		F8612D79286A1F9E0022AD64 /* Project object */ = {
			isa = PBXProject;
			attributes = {
				BuildIndependentTargetsInParallel = 1;
				LastSwiftUpdateCheck = 1340;
				LastUpgradeCheck = 1340;
				TargetAttributes = {
					F8612D80286A1F9E0022AD64 = {
						CreatedOnToolsVersion = 13.4;
					};
				};
			};
			buildConfigurationList = F8612D7C286A1F9E0022AD64 /* Build configuration list for PBXProject "UsersRxSwift" */;
			compatibilityVersion = "Xcode 13.0";
			developmentRegion = en;
			hasScannedForEncodings = 0;
			knownRegions = (
				en,
				Base,
			);
			mainGroup = F8612D78286A1F9E0022AD64;
			packageReferences = (
				F8612D98286A1FFD0022AD64 /* XCRemoteSwiftPackageReference "RxSwift" */,
			);
			productRefGroup = F8612D82286A1F9E0022AD64 /* Products */;
			projectDirPath = "";
			projectRoot = "";
			targets = (
				F8612D80286A1F9E0022AD64 /* UsersRxSwift */,
			);
		};
/* End PBXProject section */

/* Begin PBXResourcesBuildPhase section */
		F8612D7F286A1F9E0022AD64 /* Resources */ = {
			isa = PBXResourcesBuildPhase;
			buildActionMask = 2147483647;
			files = (
				F8612D91286A1FA00022AD64 /* LaunchScreen.storyboard in Resources */,
				F8612D8E286A1FA00022AD64 /* Assets.xcassets in Resources */,
				F8612D8C286A1F9E0022AD64 /* Main.storyboard in Resources */,
			);
			runOnlyForDeploymentPostprocessing = 0;
		};
/* End PBXResourcesBuildPhase section */

/* Begin PBXSourcesBuildPhase section */
		F8612D7D286A1F9E0022AD64 /* Sources */ = {
			isa = PBXSourcesBuildPhase;
			buildActionMask = 2147483647;
			files = (
				F8612D89286A1F9E0022AD64 /* MainViewController.swift in Sources */,
				F8612DAA286A3C270022AD64 /* UserViewModel.swift in Sources */,
				F8612DA7286A35370022AD64 /* APIRequest.swift in Sources */,
				F8612D85286A1F9E0022AD64 /* AppDelegate.swift in Sources */,
				F8612D9E286A30FE0022AD64 /* UserDetailViewController.swift in Sources */,
				F8612DA2286A340A0022AD64 /* UserCell.swift in Sources */,
				F8612D87286A1F9E0022AD64 /* SceneDelegate.swift in Sources */,
				F8612DA4286A34280022AD64 /* DataModel.swift in Sources */,
			);
			runOnlyForDeploymentPostprocessing = 0;
		};
/* End PBXSourcesBuildPhase section */

/* Begin PBXVariantGroup section */
		F8612D8A286A1F9E0022AD64 /* Main.storyboard */ = {
			isa = PBXVariantGroup;
			children = (
				F8612D8B286A1F9E0022AD64 /* Base */,
			);
			name = Main.storyboard;
			sourceTree = "<group>";
		};
		F8612D8F286A1FA00022AD64 /* LaunchScreen.storyboard */ = {
			isa = PBXVariantGroup;
			children = (
				F8612D90286A1FA00022AD64 /* Base */,
			);
			name = LaunchScreen.storyboard;
			sourceTree = "<group>";
		};
/* End PBXVariantGroup section */

/* Begin XCBuildConfiguration section */
		F8612D93286A1FA00022AD64 /* Debug */ = {
			isa = XCBuildConfiguration;
			buildSettings = {
				ALWAYS_SEARCH_USER_PATHS = NO;
				CLANG_ANALYZER_NONNULL = YES;
				CLANG_ANALYZER_NUMBER_OBJECT_CONVERSION = YES_AGGRESSIVE;
				CLANG_CXX_LANGUAGE_STANDARD = "gnu++17";
				CLANG_ENABLE_MODULES = YES;
				CLANG_ENABLE_OBJC_ARC = YES;
				CLANG_ENABLE_OBJC_WEAK = YES;
				CLANG_WARN_BLOCK_CAPTURE_AUTORELEASING = YES;
				CLANG_WARN_BOOL_CONVERSION = YES;
				CLANG_WARN_COMMA = YES;
				CLANG_WARN_CONSTANT_CONVERSION = YES;
				CLANG_WARN_DEPRECATED_OBJC_IMPLEMENTATIONS = YES;
				CLANG_WARN_DIRECT_OBJC_ISA_USAGE = YES_ERROR;
				CLANG_WARN_DOCUMENTATION_COMMENTS = YES;
				CLANG_WARN_EMPTY_BODY = YES;
				CLANG_WARN_ENUM_CONVERSION = YES;
				CLANG_WARN_INFINITE_RECURSION = YES;
				CLANG_WARN_INT_CONVERSION = YES;
				CLANG_WARN_NON_LITERAL_NULL_CONVERSION = YES;
				CLANG_WARN_OBJC_IMPLICIT_RETAIN_SELF = YES;
				CLANG_WARN_OBJC_LITERAL_CONVERSION = YES;
				CLANG_WARN_OBJC_ROOT_CLASS = YES_ERROR;
				CLANG_WARN_QUOTED_INCLUDE_IN_FRAMEWORK_HEADER = YES;
				CLANG_WARN_RANGE_LOOP_ANALYSIS = YES;
				CLANG_WARN_STRICT_PROTOTYPES = YES;
				CLANG_WARN_SUSPICIOUS_MOVE = YES;
				CLANG_WARN_UNGUARDED_AVAILABILITY = YES_AGGRESSIVE;
				CLANG_WARN_UNREACHABLE_CODE = YES;
				CLANG_WARN__DUPLICATE_METHOD_MATCH = YES;
				COPY_PHASE_STRIP = NO;
				DEBUG_INFORMATION_FORMAT = dwarf;
				ENABLE_STRICT_OBJC_MSGSEND = YES;
				ENABLE_TESTABILITY = YES;
				GCC_C_LANGUAGE_STANDARD = gnu11;
				GCC_DYNAMIC_NO_PIC = NO;
				GCC_NO_COMMON_BLOCKS = YES;
				GCC_OPTIMIZATION_LEVEL = 0;
				GCC_PREPROCESSOR_DEFINITIONS = (
					"DEBUG=1",
					"$(inherited)",
				);
				GCC_WARN_64_TO_32_BIT_CONVERSION = YES;
				GCC_WARN_ABOUT_RETURN_TYPE = YES_ERROR;
				GCC_WARN_UNDECLARED_SELECTOR = YES;
				GCC_WARN_UNINITIALIZED_AUTOS = YES_AGGRESSIVE;
				GCC_WARN_UNUSED_FUNCTION = YES;
				GCC_WARN_UNUSED_VARIABLE = YES;
				IPHONEOS_DEPLOYMENT_TARGET = 15.5;
				MTL_ENABLE_DEBUG_INFO = INCLUDE_SOURCE;
				MTL_FAST_MATH = YES;
				ONLY_ACTIVE_ARCH = YES;
				SDKROOT = iphoneos;
				SWIFT_ACTIVE_COMPILATION_CONDITIONS = DEBUG;
				SWIFT_OPTIMIZATION_LEVEL = "-Onone";
			};
			name = Debug;
		};
		F8612D94286A1FA00022AD64 /* Release */ = {
			isa = XCBuildConfiguration;
			buildSettings = {
				ALWAYS_SEARCH_USER_PATHS = NO;
				CLANG_ANALYZER_NONNULL = YES;
				CLANG_ANALYZER_NUMBER_OBJECT_CONVERSION = YES_AGGRESSIVE;
				CLANG_CXX_LANGUAGE_STANDARD = "gnu++17";
				CLANG_ENABLE_MODULES = YES;
				CLANG_ENABLE_OBJC_ARC = YES;
				CLANG_ENABLE_OBJC_WEAK = YES;
				CLANG_WARN_BLOCK_CAPTURE_AUTORELEASING = YES;
				CLANG_WARN_BOOL_CONVERSION = YES;
				CLANG_WARN_COMMA = YES;
				CLANG_WARN_CONSTANT_CONVERSION = YES;
				CLANG_WARN_DEPRECATED_OBJC_IMPLEMENTATIONS = YES;
				CLANG_WARN_DIRECT_OBJC_ISA_USAGE = YES_ERROR;
				CLANG_WARN_DOCUMENTATION_COMMENTS = YES;
				CLANG_WARN_EMPTY_BODY = YES;
				CLANG_WARN_ENUM_CONVERSION = YES;
				CLANG_WARN_INFINITE_RECURSION = YES;
				CLANG_WARN_INT_CONVERSION = YES;
				CLANG_WARN_NON_LITERAL_NULL_CONVERSION = YES;
				CLANG_WARN_OBJC_IMPLICIT_RETAIN_SELF = YES;
				CLANG_WARN_OBJC_LITERAL_CONVERSION = YES;
				CLANG_WARN_OBJC_ROOT_CLASS = YES_ERROR;
				CLANG_WARN_QUOTED_INCLUDE_IN_FRAMEWORK_HEADER = YES;
				CLANG_WARN_RANGE_LOOP_ANALYSIS = YES;
				CLANG_WARN_STRICT_PROTOTYPES = YES;
				CLANG_WARN_SUSPICIOUS_MOVE = YES;
				CLANG_WARN_UNGUARDED_AVAILABILITY = YES_AGGRESSIVE;
				CLANG_WARN_UNREACHABLE_CODE = YES;
				CLANG_WARN__DUPLICATE_METHOD_MATCH = YES;
				COPY_PHASE_STRIP = NO;
				DEBUG_INFORMATION_FORMAT = "dwarf-with-dsym";
				ENABLE_NS_ASSERTIONS = NO;
				ENABLE_STRICT_OBJC_MSGSEND = YES;
				GCC_C_LANGUAGE_STANDARD = gnu11;
				GCC_NO_COMMON_BLOCKS = YES;
				GCC_WARN_64_TO_32_BIT_CONVERSION = YES;
				GCC_WARN_ABOUT_RETURN_TYPE = YES_ERROR;
				GCC_WARN_UNDECLARED_SELECTOR = YES;
				GCC_WARN_UNINITIALIZED_AUTOS = YES_AGGRESSIVE;
				GCC_WARN_UNUSED_FUNCTION = YES;
				GCC_WARN_UNUSED_VARIABLE = YES;
				IPHONEOS_DEPLOYMENT_TARGET = 15.5;
				MTL_ENABLE_DEBUG_INFO = NO;
				MTL_FAST_MATH = YES;
				SDKROOT = iphoneos;
				SWIFT_COMPILATION_MODE = wholemodule;
				SWIFT_OPTIMIZATION_LEVEL = "-O";
				VALIDATE_PRODUCT = YES;
			};
			name = Release;
		};
		F8612D96286A1FA00022AD64 /* Debug */ = {
			isa = XCBuildConfiguration;
			buildSettings = {
				ASSETCATALOG_COMPILER_APPICON_NAME = AppIcon;
				ASSETCATALOG_COMPILER_GLOBAL_ACCENT_COLOR_NAME = AccentColor;
				CODE_SIGN_STYLE = Automatic;
				CURRENT_PROJECT_VERSION = 1;
				DEVELOPMENT_TEAM = 473AAT6556;
				GENERATE_INFOPLIST_FILE = YES;
				INFOPLIST_FILE = UsersRxSwift/Info.plist;
				INFOPLIST_KEY_UIApplicationSupportsIndirectInputEvents = YES;
				INFOPLIST_KEY_UILaunchStoryboardName = LaunchScreen;
				INFOPLIST_KEY_UIMainStoryboardFile = Main;
				INFOPLIST_KEY_UISupportedInterfaceOrientations_iPad = "UIInterfaceOrientationPortrait UIInterfaceOrientationPortraitUpsideDown UIInterfaceOrientationLandscapeLeft UIInterfaceOrientationLandscapeRight";
				INFOPLIST_KEY_UISupportedInterfaceOrientations_iPhone = "UIInterfaceOrientationPortrait UIInterfaceOrientationLandscapeLeft UIInterfaceOrientationLandscapeRight";
				LD_RUNPATH_SEARCH_PATHS = (
					"$(inherited)",
					"@executable_path/Frameworks",
				);
				MARKETING_VERSION = 1.0;
				PRODUCT_BUNDLE_IDENTIFIER = dev.matheuslenke.UsersRxSwift;
				PRODUCT_NAME = "$(TARGET_NAME)";
				SWIFT_EMIT_LOC_STRINGS = YES;
				SWIFT_VERSION = 5.0;
				TARGETED_DEVICE_FAMILY = "1,2";
			};
			name = Debug;
		};
		F8612D97286A1FA00022AD64 /* Release */ = {
			isa = XCBuildConfiguration;
			buildSettings = {
				ASSETCATALOG_COMPILER_APPICON_NAME = AppIcon;
				ASSETCATALOG_COMPILER_GLOBAL_ACCENT_COLOR_NAME = AccentColor;
				CODE_SIGN_STYLE = Automatic;
				CURRENT_PROJECT_VERSION = 1;
				DEVELOPMENT_TEAM = 473AAT6556;
				GENERATE_INFOPLIST_FILE = YES;
				INFOPLIST_FILE = UsersRxSwift/Info.plist;
				INFOPLIST_KEY_UIApplicationSupportsIndirectInputEvents = YES;
				INFOPLIST_KEY_UILaunchStoryboardName = LaunchScreen;
				INFOPLIST_KEY_UIMainStoryboardFile = Main;
				INFOPLIST_KEY_UISupportedInterfaceOrientations_iPad = "UIInterfaceOrientationPortrait UIInterfaceOrientationPortraitUpsideDown UIInterfaceOrientationLandscapeLeft UIInterfaceOrientationLandscapeRight";
				INFOPLIST_KEY_UISupportedInterfaceOrientations_iPhone = "UIInterfaceOrientationPortrait UIInterfaceOrientationLandscapeLeft UIInterfaceOrientationLandscapeRight";
				LD_RUNPATH_SEARCH_PATHS = (
					"$(inherited)",
					"@executable_path/Frameworks",
				);
				MARKETING_VERSION = 1.0;
				PRODUCT_BUNDLE_IDENTIFIER = dev.matheuslenke.UsersRxSwift;
				PRODUCT_NAME = "$(TARGET_NAME)";
				SWIFT_EMIT_LOC_STRINGS = YES;
				SWIFT_VERSION = 5.0;
				TARGETED_DEVICE_FAMILY = "1,2";
			};
			name = Release;
		};
/* End XCBuildConfiguration section */

/* Begin XCConfigurationList section */
		F8612D7C286A1F9E0022AD64 /* Build configuration list for PBXProject "UsersRxSwift" */ = {
			isa = XCConfigurationList;
			buildConfigurations = (
				F8612D93286A1FA00022AD64 /* Debug */,
				F8612D94286A1FA00022AD64 /* Release */,
			);
			defaultConfigurationIsVisible = 0;
			defaultConfigurationName = Release;
		};
		F8612D95286A1FA00022AD64 /* Build configuration list for PBXNativeTarget "UsersRxSwift" */ = {
			isa = XCConfigurationList;
			buildConfigurations = (
				F8612D96286A1FA00022AD64 /* Debug */,
				F8612D97286A1FA00022AD64 /* Release */,
			);
			defaultConfigurationIsVisible = 0;
			defaultConfigurationName = Release;
		};
/* End XCConfigurationList section */

/* Begin XCRemoteSwiftPackageReference section */
		F8612D98286A1FFD0022AD64 /* XCRemoteSwiftPackageReference "RxSwift" */ = {
			isa = XCRemoteSwiftPackageReference;
			repositoryURL = "https://github.com/ReactiveX/RxSwift";
			requirement = {
				kind = upToNextMajorVersion;
				minimumVersion = 6.0.0;
			};
		};
/* End XCRemoteSwiftPackageReference section */

/* Begin XCSwiftPackageProductDependency section */
		F8612D99286A1FFD0022AD64 /* RxCocoa */ = {
			isa = XCSwiftPackageProductDependency;
			package = F8612D98286A1FFD0022AD64 /* XCRemoteSwiftPackageReference "RxSwift" */;
			productName = RxCocoa;
		};
		F8612D9B286A1FFD0022AD64 /* RxSwift */ = {
			isa = XCSwiftPackageProductDependency;
			package = F8612D98286A1FFD0022AD64 /* XCRemoteSwiftPackageReference "RxSwift" */;
			productName = RxSwift;
		};
/* End XCSwiftPackageProductDependency section */
	};
	rootObject = F8612D79286A1F9E0022AD64 /* Project object */;
}
